
Microsoft Visual Studio Solution File, Format Version 12.00
# Visual Studio Version 17
VisualStudioVersion = 17.0.31919.166
MinimumVisualStudioVersion = 10.0.40219.1
Project("{FAE04EC0-301F-11D3-BF4B-00C04F79EFBC}") = "01.01", "01.01\01.01.csproj", "{F2EBA33E-AA85-4606-9374-3BC362A73DAB}"
EndProject
Project("{FAE04EC0-301F-11D3-BF4B-00C04F79EFBC}") = "01.02", "01.02\01.02.csproj", "{1BA7F195-1457-4BBF-BAAF-1F98E2F60762}"
EndProject
Project("{FAE04EC0-301F-11D3-BF4B-00C04F79EFBC}") = "02.01", "02.01\02.01.csproj", "{C3EB067C-F4BD-46FC-BC08-6FAC034E6A71}"
EndProject
Project("{FAE04EC0-301F-11D3-BF4B-00C04F79EFBC}") = "02.02", "02.02\02.02.csproj", "{A664DFE5-72AA-4D45-BFEF-75617B0C1DB6}"
EndProject
Global
	GlobalSection(SolutionConfigurationPlatforms) = preSolution
		Debug|Any CPU = Debug|Any CPU
		Release|Any CPU = Release|Any CPU
	EndGlobalSection
	GlobalSection(ProjectConfigurationPlatforms) = postSolution
		{F2EBA33E-AA85-4606-9374-3BC362A73DAB}.Debug|Any CPU.ActiveCfg = Debug|Any CPU
		{F2EBA33E-AA85-4606-9374-3BC362A73DAB}.Debug|Any CPU.Build.0 = Debug|Any CPU
		{F2EBA33E-AA85-4606-9374-3BC362A73DAB}.Release|Any CPU.ActiveCfg = Release|Any CPU
		{F2EBA33E-AA85-4606-9374-3BC362A73DAB}.Release|Any CPU.Build.0 = Release|Any CPU
		{1BA7F195-1457-4BBF-BAAF-1F98E2F60762}.Debug|Any CPU.ActiveCfg = Debug|Any CPU
		{1BA7F195-1457-4BBF-BAAF-1F98E2F60762}.Debug|Any CPU.Build.0 = Debug|Any CPU
		{1BA7F195-1457-4BBF-BAAF-1F98E2F60762}.Release|Any CPU.ActiveCfg = Release|Any CPU
		{1BA7F195-1457-4BBF-BAAF-1F98E2F60762}.Release|Any CPU.Build.0 = Release|Any CPU
		{C3EB067C-F4BD-46FC-BC08-6FAC034E6A71}.Debug|Any CPU.ActiveCfg = Debug|Any CPU
		{C3EB067C-F4BD-46FC-BC08-6FAC034E6A71}.Debug|Any CPU.Build.0 = Debug|Any CPU
		{C3EB067C-F4BD-46FC-BC08-6FAC034E6A71}.Release|Any CPU.ActiveCfg = Release|Any CPU
		{C3EB067C-F4BD-46FC-BC08-6FAC034E6A71}.Release|Any CPU.Build.0 = Release|Any CPU
		{A664DFE5-72AA-4D45-BFEF-75617B0C1DB6}.Debug|Any CPU.ActiveCfg = Debug|Any CPU
		{A664DFE5-72AA-4D45-BFEF-75617B0C1DB6}.Debug|Any CPU.Build.0 = Debug|Any CPU
		{A664DFE5-72AA-4D45-BFEF-75617B0C1DB6}.Release|Any CPU.ActiveCfg = Release|Any CPU
		{A664DFE5-72AA-4D45-BFEF-75617B0C1DB6}.Release|Any CPU.Build.0 = Release|Any CPU
	EndGlobalSection
	GlobalSection(SolutionProperties) = preSolution
		HideSolutionNode = FALSE
	EndGlobalSection
	GlobalSection(ExtensibilityGlobals) = postSolution
		SolutionGuid = {DFE51A79-C1C0-4066-86E0-A4ED6D99A7E6}
	EndGlobalSection
EndGlobal
