
Microsoft Visual Studio Solution File, Format Version 12.00
# Visual Studio Version 17
VisualStudioVersion = 17.0.31919.166
MinimumVisualStudioVersion = 10.0.40219.1
Project("{9A19103F-16F7-4668-BE54-9A1E7A4F7556}") = "01.01", "01.01\01.01.csproj", "{F2EBA33E-AA85-4606-9374-3BC362A73DAB}"
EndProject
Project("{9A19103F-16F7-4668-BE54-9A1E7A4F7556}") = "01.02", "01.02\01.02.csproj", "{1BA7F195-1457-4BBF-BAAF-1F98E2F60762}"
EndProject
Project("{9A19103F-16F7-4668-BE54-9A1E7A4F7556}") = "02.01", "02.01\02.01.csproj", "{C3EB067C-F4BD-46FC-BC08-6FAC034E6A71}"
EndProject
Project("{9A19103F-16F7-4668-BE54-9A1E7A4F7556}") = "02.02", "02.02\02.02.csproj", "{A664DFE5-72AA-4D45-BFEF-75617B0C1DB6}"
EndProject
Project("{9A19103F-16F7-4668-BE54-9A1E7A4F7556}") = "03.01", "03.01\03.01.csproj", "{A061189E-22C7-4805-9DBF-63C5B7F88AE9}"
EndProject
Project("{9A19103F-16F7-4668-BE54-9A1E7A4F7556}") = "03.02", "03.02\03.02.csproj", "{A68D4569-8A1D-494C-9B09-5B2B00288D01}"
EndProject
Project("{9A19103F-16F7-4668-BE54-9A1E7A4F7556}") = "04.01", "04.01\04.01.csproj", "{603772B0-9874-4CF1-A060-A7D7E3761693}"
EndProject
Project("{9A19103F-16F7-4668-BE54-9A1E7A4F7556}") = "04.02", "04.02\04.02.csproj", "{603B78D6-A771-4E0D-88B9-415C6A793B36}"
EndProject
Project("{9A19103F-16F7-4668-BE54-9A1E7A4F7556}") = "05.01", "05.01\05.01.csproj", "{F314F59A-8535-419C-B49D-939C7B1302A9}"
EndProject
Project("{9A19103F-16F7-4668-BE54-9A1E7A4F7556}") = "05.02", "05.02\05.02.csproj", "{74B18D1E-F74A-427D-B008-244080228167}"
EndProject
Project("{9A19103F-16F7-4668-BE54-9A1E7A4F7556}") = "06.01", "06.01\06.01.csproj", "{07872FD6-6503-4017-AD01-3FEAEBCA4613}"
EndProject
Project("{9A19103F-16F7-4668-BE54-9A1E7A4F7556}") = "07.01", "07.01\07.01.csproj", "{0EBF0437-D3E1-40F9-B2E0-B79725D972EB}"
EndProject
Project("{9A19103F-16F7-4668-BE54-9A1E7A4F7556}") = "07.02", "07.02\07.02.csproj", "{5985D337-38DE-4719-8A03-1A5F75BDD05A}"
EndProject
Project("{9A19103F-16F7-4668-BE54-9A1E7A4F7556}") = "06.02", "06.02\06.02.csproj", "{1CD4F4DC-04A7-433D-9174-6C93FE796613}"
EndProject
Project("{9A19103F-16F7-4668-BE54-9A1E7A4F7556}") = "08.01", "08.01\08.01.csproj", "{1CB32CD0-92F7-4989-97FD-299D50E0A5A7}"
EndProject
Project("{9A19103F-16F7-4668-BE54-9A1E7A4F7556}") = "08.02", "08.02\08.02.csproj", "{23D74C78-4D38-4972-AF69-FE0B793CC01C}"
EndProject
Project("{9A19103F-16F7-4668-BE54-9A1E7A4F7556}") = "09.01", "09.01\09.01.csproj", "{87389A8F-A1E3-4E33-BE9D-B1409C96C3F1}"
EndProject
Project("{9A19103F-16F7-4668-BE54-9A1E7A4F7556}") = "09.02", "09.02\09.02.csproj", "{FBCA1E5A-52B6-4519-A614-E94FEC828A5C}"
EndProject
Project("{FAE04EC0-301F-11D3-BF4B-00C04F79EFBC}") = "10.01", "10.01\10.01.csproj", "{B2BE5D9A-D1B8-42F3-B0E6-9080CDB8FD79}"
EndProject
Project("{FAE04EC0-301F-11D3-BF4B-00C04F79EFBC}") = "10.02", "10.02\10.02.csproj", "{9E379D30-2012-4E54-A357-363F6B9893C4}"
EndProject
Global
	GlobalSection(SolutionConfigurationPlatforms) = preSolution
		Debug|Any CPU = Debug|Any CPU
		Release|Any CPU = Release|Any CPU
	EndGlobalSection
	GlobalSection(ProjectConfigurationPlatforms) = postSolution
		{F2EBA33E-AA85-4606-9374-3BC362A73DAB}.Debug|Any CPU.ActiveCfg = Debug|Any CPU
		{F2EBA33E-AA85-4606-9374-3BC362A73DAB}.Debug|Any CPU.Build.0 = Debug|Any CPU
		{F2EBA33E-AA85-4606-9374-3BC362A73DAB}.Release|Any CPU.ActiveCfg = Release|Any CPU
		{F2EBA33E-AA85-4606-9374-3BC362A73DAB}.Release|Any CPU.Build.0 = Release|Any CPU
		{1BA7F195-1457-4BBF-BAAF-1F98E2F60762}.Debug|Any CPU.ActiveCfg = Debug|Any CPU
		{1BA7F195-1457-4BBF-BAAF-1F98E2F60762}.Debug|Any CPU.Build.0 = Debug|Any CPU
		{1BA7F195-1457-4BBF-BAAF-1F98E2F60762}.Release|Any CPU.ActiveCfg = Release|Any CPU
		{1BA7F195-1457-4BBF-BAAF-1F98E2F60762}.Release|Any CPU.Build.0 = Release|Any CPU
		{C3EB067C-F4BD-46FC-BC08-6FAC034E6A71}.Debug|Any CPU.ActiveCfg = Debug|Any CPU
		{C3EB067C-F4BD-46FC-BC08-6FAC034E6A71}.Debug|Any CPU.Build.0 = Debug|Any CPU
		{C3EB067C-F4BD-46FC-BC08-6FAC034E6A71}.Release|Any CPU.ActiveCfg = Release|Any CPU
		{C3EB067C-F4BD-46FC-BC08-6FAC034E6A71}.Release|Any CPU.Build.0 = Release|Any CPU
		{A664DFE5-72AA-4D45-BFEF-75617B0C1DB6}.Debug|Any CPU.ActiveCfg = Debug|Any CPU
		{A664DFE5-72AA-4D45-BFEF-75617B0C1DB6}.Debug|Any CPU.Build.0 = Debug|Any CPU
		{A664DFE5-72AA-4D45-BFEF-75617B0C1DB6}.Release|Any CPU.ActiveCfg = Release|Any CPU
		{A664DFE5-72AA-4D45-BFEF-75617B0C1DB6}.Release|Any CPU.Build.0 = Release|Any CPU
		{A061189E-22C7-4805-9DBF-63C5B7F88AE9}.Debug|Any CPU.ActiveCfg = Debug|Any CPU
		{A061189E-22C7-4805-9DBF-63C5B7F88AE9}.Debug|Any CPU.Build.0 = Debug|Any CPU
		{A061189E-22C7-4805-9DBF-63C5B7F88AE9}.Release|Any CPU.ActiveCfg = Release|Any CPU
		{A061189E-22C7-4805-9DBF-63C5B7F88AE9}.Release|Any CPU.Build.0 = Release|Any CPU
		{A68D4569-8A1D-494C-9B09-5B2B00288D01}.Debug|Any CPU.ActiveCfg = Debug|Any CPU
		{A68D4569-8A1D-494C-9B09-5B2B00288D01}.Debug|Any CPU.Build.0 = Debug|Any CPU
		{A68D4569-8A1D-494C-9B09-5B2B00288D01}.Release|Any CPU.ActiveCfg = Release|Any CPU
		{A68D4569-8A1D-494C-9B09-5B2B00288D01}.Release|Any CPU.Build.0 = Release|Any CPU
		{603772B0-9874-4CF1-A060-A7D7E3761693}.Debug|Any CPU.ActiveCfg = Debug|Any CPU
		{603772B0-9874-4CF1-A060-A7D7E3761693}.Debug|Any CPU.Build.0 = Debug|Any CPU
		{603772B0-9874-4CF1-A060-A7D7E3761693}.Release|Any CPU.ActiveCfg = Release|Any CPU
		{603772B0-9874-4CF1-A060-A7D7E3761693}.Release|Any CPU.Build.0 = Release|Any CPU
		{603B78D6-A771-4E0D-88B9-415C6A793B36}.Debug|Any CPU.ActiveCfg = Debug|Any CPU
		{603B78D6-A771-4E0D-88B9-415C6A793B36}.Debug|Any CPU.Build.0 = Debug|Any CPU
		{603B78D6-A771-4E0D-88B9-415C6A793B36}.Release|Any CPU.ActiveCfg = Release|Any CPU
		{603B78D6-A771-4E0D-88B9-415C6A793B36}.Release|Any CPU.Build.0 = Release|Any CPU
		{F314F59A-8535-419C-B49D-939C7B1302A9}.Debug|Any CPU.ActiveCfg = Debug|Any CPU
		{F314F59A-8535-419C-B49D-939C7B1302A9}.Debug|Any CPU.Build.0 = Debug|Any CPU
		{F314F59A-8535-419C-B49D-939C7B1302A9}.Release|Any CPU.ActiveCfg = Release|Any CPU
		{F314F59A-8535-419C-B49D-939C7B1302A9}.Release|Any CPU.Build.0 = Release|Any CPU
		{74B18D1E-F74A-427D-B008-244080228167}.Debug|Any CPU.ActiveCfg = Debug|Any CPU
		{74B18D1E-F74A-427D-B008-244080228167}.Debug|Any CPU.Build.0 = Debug|Any CPU
		{74B18D1E-F74A-427D-B008-244080228167}.Release|Any CPU.ActiveCfg = Release|Any CPU
		{74B18D1E-F74A-427D-B008-244080228167}.Release|Any CPU.Build.0 = Release|Any CPU
		{07872FD6-6503-4017-AD01-3FEAEBCA4613}.Debug|Any CPU.ActiveCfg = Debug|Any CPU
		{07872FD6-6503-4017-AD01-3FEAEBCA4613}.Debug|Any CPU.Build.0 = Debug|Any CPU
		{07872FD6-6503-4017-AD01-3FEAEBCA4613}.Release|Any CPU.ActiveCfg = Release|Any CPU
		{07872FD6-6503-4017-AD01-3FEAEBCA4613}.Release|Any CPU.Build.0 = Release|Any CPU
		{0EBF0437-D3E1-40F9-B2E0-B79725D972EB}.Debug|Any CPU.ActiveCfg = Debug|Any CPU
		{0EBF0437-D3E1-40F9-B2E0-B79725D972EB}.Debug|Any CPU.Build.0 = Debug|Any CPU
		{0EBF0437-D3E1-40F9-B2E0-B79725D972EB}.Release|Any CPU.ActiveCfg = Release|Any CPU
		{0EBF0437-D3E1-40F9-B2E0-B79725D972EB}.Release|Any CPU.Build.0 = Release|Any CPU
		{5985D337-38DE-4719-8A03-1A5F75BDD05A}.Debug|Any CPU.ActiveCfg = Debug|Any CPU
		{5985D337-38DE-4719-8A03-1A5F75BDD05A}.Debug|Any CPU.Build.0 = Debug|Any CPU
		{5985D337-38DE-4719-8A03-1A5F75BDD05A}.Release|Any CPU.ActiveCfg = Release|Any CPU
		{5985D337-38DE-4719-8A03-1A5F75BDD05A}.Release|Any CPU.Build.0 = Release|Any CPU
		{1CD4F4DC-04A7-433D-9174-6C93FE796613}.Debug|Any CPU.ActiveCfg = Debug|Any CPU
		{1CD4F4DC-04A7-433D-9174-6C93FE796613}.Debug|Any CPU.Build.0 = Debug|Any CPU
		{1CD4F4DC-04A7-433D-9174-6C93FE796613}.Release|Any CPU.ActiveCfg = Release|Any CPU
		{1CD4F4DC-04A7-433D-9174-6C93FE796613}.Release|Any CPU.Build.0 = Release|Any CPU
		{1CB32CD0-92F7-4989-97FD-299D50E0A5A7}.Debug|Any CPU.ActiveCfg = Debug|Any CPU
		{1CB32CD0-92F7-4989-97FD-299D50E0A5A7}.Debug|Any CPU.Build.0 = Debug|Any CPU
		{1CB32CD0-92F7-4989-97FD-299D50E0A5A7}.Release|Any CPU.ActiveCfg = Release|Any CPU
		{1CB32CD0-92F7-4989-97FD-299D50E0A5A7}.Release|Any CPU.Build.0 = Release|Any CPU
		{23D74C78-4D38-4972-AF69-FE0B793CC01C}.Debug|Any CPU.ActiveCfg = Debug|Any CPU
		{23D74C78-4D38-4972-AF69-FE0B793CC01C}.Debug|Any CPU.Build.0 = Debug|Any CPU
		{23D74C78-4D38-4972-AF69-FE0B793CC01C}.Release|Any CPU.ActiveCfg = Release|Any CPU
		{23D74C78-4D38-4972-AF69-FE0B793CC01C}.Release|Any CPU.Build.0 = Release|Any CPU
		{87389A8F-A1E3-4E33-BE9D-B1409C96C3F1}.Debug|Any CPU.ActiveCfg = Debug|Any CPU
		{87389A8F-A1E3-4E33-BE9D-B1409C96C3F1}.Debug|Any CPU.Build.0 = Debug|Any CPU
		{87389A8F-A1E3-4E33-BE9D-B1409C96C3F1}.Release|Any CPU.ActiveCfg = Release|Any CPU
		{87389A8F-A1E3-4E33-BE9D-B1409C96C3F1}.Release|Any CPU.Build.0 = Release|Any CPU
		{FBCA1E5A-52B6-4519-A614-E94FEC828A5C}.Debug|Any CPU.ActiveCfg = Debug|Any CPU
		{FBCA1E5A-52B6-4519-A614-E94FEC828A5C}.Debug|Any CPU.Build.0 = Debug|Any CPU
		{FBCA1E5A-52B6-4519-A614-E94FEC828A5C}.Release|Any CPU.ActiveCfg = Release|Any CPU
		{FBCA1E5A-52B6-4519-A614-E94FEC828A5C}.Release|Any CPU.Build.0 = Release|Any CPU
		{B2BE5D9A-D1B8-42F3-B0E6-9080CDB8FD79}.Debug|Any CPU.ActiveCfg = Debug|Any CPU
		{B2BE5D9A-D1B8-42F3-B0E6-9080CDB8FD79}.Debug|Any CPU.Build.0 = Debug|Any CPU
		{B2BE5D9A-D1B8-42F3-B0E6-9080CDB8FD79}.Release|Any CPU.ActiveCfg = Release|Any CPU
		{B2BE5D9A-D1B8-42F3-B0E6-9080CDB8FD79}.Release|Any CPU.Build.0 = Release|Any CPU
		{9E379D30-2012-4E54-A357-363F6B9893C4}.Debug|Any CPU.ActiveCfg = Debug|Any CPU
		{9E379D30-2012-4E54-A357-363F6B9893C4}.Debug|Any CPU.Build.0 = Debug|Any CPU
		{9E379D30-2012-4E54-A357-363F6B9893C4}.Release|Any CPU.ActiveCfg = Release|Any CPU
		{9E379D30-2012-4E54-A357-363F6B9893C4}.Release|Any CPU.Build.0 = Release|Any CPU
	EndGlobalSection
	GlobalSection(SolutionProperties) = preSolution
		HideSolutionNode = FALSE
	EndGlobalSection
	GlobalSection(ExtensibilityGlobals) = postSolution
		SolutionGuid = {DFE51A79-C1C0-4066-86E0-A4ED6D99A7E6}
	EndGlobalSection
EndGlobal
